
Microsoft Visual Studio Solution File, Format Version 12.00
# Visual Studio Version 16
VisualStudioVersion = 16.0.29411.108
MinimumVisualStudioVersion = 10.0.40219.1
Project("{2150E333-8FDC-42A3-9474-1A3956D46DE8}") = ".nuget", ".nuget", "{7503076D-27D6-4DDF-9FFD-CAE6AD8FE976}"
	ProjectSection(SolutionItems) = preProject
		.nuget\NuGet.Config = .nuget\NuGet.Config
		.nuget\NuGet.exe = .nuget\NuGet.exe
		.nuget\NuGet.targets = .nuget\NuGet.targets
	EndProjectSection
EndProject
Project("{2150E333-8FDC-42A3-9474-1A3956D46DE8}") = "Solution Items", "Solution Items", "{8C10F2BB-91ED-447A-817F-9D8C32F5A584}"
	ProjectSection(SolutionItems) = preProject
		LICENSE.txt = LICENSE.txt
		README.md = README.md
	EndProjectSection
EndProject
Project("{9A19103F-16F7-4668-BE54-9A1E7A4F7556}") = "Interlook.Collections", "src\Interlook.Collections\Interlook.Collections.csproj", "{D68A4D5D-166C-4B4A-9527-885461F46A74}"
EndProject
Project("{9A19103F-16F7-4668-BE54-9A1E7A4F7556}") = "Interlook.Components", "src\Interlook.Components\Interlook.Components.csproj", "{BA7FC11A-B37C-4FAB-A664-E9F9E85A67B5}"
EndProject
Project("{9A19103F-16F7-4668-BE54-9A1E7A4F7556}") = "Interlook.Eventing", "src\Interlook.Eventing\Interlook.Eventing.csproj", "{E7C84014-5461-4C5A-9AEE-542CD16A395C}"
EndProject
Project("{9A19103F-16F7-4668-BE54-9A1E7A4F7556}") = "Interlook.Functional", "src\Interlook.Functional\Interlook.Functional.csproj", "{A8D5C7A7-910E-4CBF-938E-F923C798DFFE}"
EndProject
Project("{9A19103F-16F7-4668-BE54-9A1E7A4F7556}") = "Interlook.Text", "src\Interlook.Text\Interlook.Text.csproj", "{A9413975-2C5E-4351-9BAD-D319C786B3A6}"
EndProject
Project("{9A19103F-16F7-4668-BE54-9A1E7A4F7556}") = "Interlook.Functional.Types", "src\Interlook.Functional.Types\Interlook.Functional.Types.csproj", "{7938FC62-7A45-4468-9B4E-ACDD10276F3F}"
EndProject
Project("{9A19103F-16F7-4668-BE54-9A1E7A4F7556}") = "Interlook.Functional.Types.UnitTests", "tests\Interlook.Functional.Types.UnitTests\Interlook.Functional.Types.UnitTests.csproj", "{44E1F3D6-547D-4B9F-A8AA-F2D7B9D651B0}"
EndProject
Project("{9A19103F-16F7-4668-BE54-9A1E7A4F7556}") = "Interlook.Components.UnitTests", "tests\Interlook.Components.UnitTests\Interlook.Components.UnitTests.csproj", "{D5BDEAC1-A975-4E7E-9DBF-44D356848124}"
EndProject
Project("{9A19103F-16F7-4668-BE54-9A1E7A4F7556}") = "Interlook.Functional.UnitTests", "tests\Interlook.Functional.UnitTests\Interlook.Functional.UnitTests.csproj", "{ACBE3775-6522-4062-8A5A-3CDD1E5C9FC2}"
EndProject
Project("{9A19103F-16F7-4668-BE54-9A1E7A4F7556}") = "Interlook.Text.UnitTests", "tests\Interlook.Text.UnitTests\Interlook.Text.UnitTests.csproj", "{A94F6174-9441-4F62-917A-35DD05EA65DE}"
EndProject
Project("{9A19103F-16F7-4668-BE54-9A1E7A4F7556}") = "Interlook.Eventing.UnitTests", "tests\Interlook.Eventing.UnitTests\Interlook.Eventing.UnitTests.csproj", "{4F4B45F3-D034-4F88-A797-CA01CF4D52D3}"
EndProject
Project("{9A19103F-16F7-4668-BE54-9A1E7A4F7556}") = "Interlook.Collections.UnitTests", "tests\Interlook.Collections.UnitTests\Interlook.Collections.UnitTests.csproj", "{0BC5062C-E97A-4B43-BAD4-43CC9686F783}"
EndProject
Project("{2150E333-8FDC-42A3-9474-1A3956D46DE8}") = "TestProjects", "TestProjects", "{EFFF888B-557B-467F-B65D-F262AE41C5D0}"
EndProject
Global
	GlobalSection(SolutionConfigurationPlatforms) = preSolution
		Debug|Any CPU = Debug|Any CPU
		Release|Any CPU = Release|Any CPU
	EndGlobalSection
	GlobalSection(ProjectConfigurationPlatforms) = postSolution
		{D68A4D5D-166C-4B4A-9527-885461F46A74}.Debug|Any CPU.ActiveCfg = Debug|Any CPU
		{D68A4D5D-166C-4B4A-9527-885461F46A74}.Debug|Any CPU.Build.0 = Debug|Any CPU
		{D68A4D5D-166C-4B4A-9527-885461F46A74}.Release|Any CPU.ActiveCfg = Release|Any CPU
		{D68A4D5D-166C-4B4A-9527-885461F46A74}.Release|Any CPU.Build.0 = Release|Any CPU
		{BA7FC11A-B37C-4FAB-A664-E9F9E85A67B5}.Debug|Any CPU.ActiveCfg = Debug|Any CPU
		{BA7FC11A-B37C-4FAB-A664-E9F9E85A67B5}.Debug|Any CPU.Build.0 = Debug|Any CPU
		{BA7FC11A-B37C-4FAB-A664-E9F9E85A67B5}.Release|Any CPU.ActiveCfg = Release|Any CPU
		{BA7FC11A-B37C-4FAB-A664-E9F9E85A67B5}.Release|Any CPU.Build.0 = Release|Any CPU
		{E7C84014-5461-4C5A-9AEE-542CD16A395C}.Debug|Any CPU.ActiveCfg = Debug|Any CPU
		{E7C84014-5461-4C5A-9AEE-542CD16A395C}.Debug|Any CPU.Build.0 = Debug|Any CPU
		{E7C84014-5461-4C5A-9AEE-542CD16A395C}.Release|Any CPU.ActiveCfg = Release|Any CPU
		{E7C84014-5461-4C5A-9AEE-542CD16A395C}.Release|Any CPU.Build.0 = Release|Any CPU
		{A8D5C7A7-910E-4CBF-938E-F923C798DFFE}.Debug|Any CPU.ActiveCfg = Debug|Any CPU
		{A8D5C7A7-910E-4CBF-938E-F923C798DFFE}.Debug|Any CPU.Build.0 = Debug|Any CPU
		{A8D5C7A7-910E-4CBF-938E-F923C798DFFE}.Release|Any CPU.ActiveCfg = Release|Any CPU
		{A8D5C7A7-910E-4CBF-938E-F923C798DFFE}.Release|Any CPU.Build.0 = Release|Any CPU
		{A9413975-2C5E-4351-9BAD-D319C786B3A6}.Debug|Any CPU.ActiveCfg = Debug|Any CPU
		{A9413975-2C5E-4351-9BAD-D319C786B3A6}.Debug|Any CPU.Build.0 = Debug|Any CPU
		{A9413975-2C5E-4351-9BAD-D319C786B3A6}.Release|Any CPU.ActiveCfg = Release|Any CPU
		{A9413975-2C5E-4351-9BAD-D319C786B3A6}.Release|Any CPU.Build.0 = Release|Any CPU
		{7938FC62-7A45-4468-9B4E-ACDD10276F3F}.Debug|Any CPU.ActiveCfg = Debug|Any CPU
		{7938FC62-7A45-4468-9B4E-ACDD10276F3F}.Debug|Any CPU.Build.0 = Debug|Any CPU
		{7938FC62-7A45-4468-9B4E-ACDD10276F3F}.Release|Any CPU.ActiveCfg = Release|Any CPU
		{7938FC62-7A45-4468-9B4E-ACDD10276F3F}.Release|Any CPU.Build.0 = Release|Any CPU
		{44E1F3D6-547D-4B9F-A8AA-F2D7B9D651B0}.Debug|Any CPU.ActiveCfg = Debug|Any CPU
		{44E1F3D6-547D-4B9F-A8AA-F2D7B9D651B0}.Debug|Any CPU.Build.0 = Debug|Any CPU
		{44E1F3D6-547D-4B9F-A8AA-F2D7B9D651B0}.Release|Any CPU.ActiveCfg = Release|Any CPU
		{44E1F3D6-547D-4B9F-A8AA-F2D7B9D651B0}.Release|Any CPU.Build.0 = Release|Any CPU
		{D5BDEAC1-A975-4E7E-9DBF-44D356848124}.Debug|Any CPU.ActiveCfg = Debug|Any CPU
		{D5BDEAC1-A975-4E7E-9DBF-44D356848124}.Debug|Any CPU.Build.0 = Debug|Any CPU
		{D5BDEAC1-A975-4E7E-9DBF-44D356848124}.Release|Any CPU.ActiveCfg = Release|Any CPU
		{D5BDEAC1-A975-4E7E-9DBF-44D356848124}.Release|Any CPU.Build.0 = Release|Any CPU
		{ACBE3775-6522-4062-8A5A-3CDD1E5C9FC2}.Debug|Any CPU.ActiveCfg = Debug|Any CPU
		{ACBE3775-6522-4062-8A5A-3CDD1E5C9FC2}.Debug|Any CPU.Build.0 = Debug|Any CPU
		{ACBE3775-6522-4062-8A5A-3CDD1E5C9FC2}.Release|Any CPU.ActiveCfg = Release|Any CPU
		{ACBE3775-6522-4062-8A5A-3CDD1E5C9FC2}.Release|Any CPU.Build.0 = Release|Any CPU
		{A94F6174-9441-4F62-917A-35DD05EA65DE}.Debug|Any CPU.ActiveCfg = Debug|Any CPU
		{A94F6174-9441-4F62-917A-35DD05EA65DE}.Debug|Any CPU.Build.0 = Debug|Any CPU
		{A94F6174-9441-4F62-917A-35DD05EA65DE}.Release|Any CPU.ActiveCfg = Release|Any CPU
		{A94F6174-9441-4F62-917A-35DD05EA65DE}.Release|Any CPU.Build.0 = Release|Any CPU
		{4F4B45F3-D034-4F88-A797-CA01CF4D52D3}.Debug|Any CPU.ActiveCfg = Debug|Any CPU
		{4F4B45F3-D034-4F88-A797-CA01CF4D52D3}.Debug|Any CPU.Build.0 = Debug|Any CPU
		{4F4B45F3-D034-4F88-A797-CA01CF4D52D3}.Release|Any CPU.ActiveCfg = Release|Any CPU
		{4F4B45F3-D034-4F88-A797-CA01CF4D52D3}.Release|Any CPU.Build.0 = Release|Any CPU
		{0BC5062C-E97A-4B43-BAD4-43CC9686F783}.Debug|Any CPU.ActiveCfg = Debug|Any CPU
		{0BC5062C-E97A-4B43-BAD4-43CC9686F783}.Debug|Any CPU.Build.0 = Debug|Any CPU
		{0BC5062C-E97A-4B43-BAD4-43CC9686F783}.Release|Any CPU.ActiveCfg = Release|Any CPU
		{0BC5062C-E97A-4B43-BAD4-43CC9686F783}.Release|Any CPU.Build.0 = Release|Any CPU
	EndGlobalSection
	GlobalSection(SolutionProperties) = preSolution
		HideSolutionNode = FALSE
	EndGlobalSection
	GlobalSection(NestedProjects) = preSolution
		{44E1F3D6-547D-4B9F-A8AA-F2D7B9D651B0} = {EFFF888B-557B-467F-B65D-F262AE41C5D0}
		{D5BDEAC1-A975-4E7E-9DBF-44D356848124} = {EFFF888B-557B-467F-B65D-F262AE41C5D0}
		{ACBE3775-6522-4062-8A5A-3CDD1E5C9FC2} = {EFFF888B-557B-467F-B65D-F262AE41C5D0}
		{A94F6174-9441-4F62-917A-35DD05EA65DE} = {EFFF888B-557B-467F-B65D-F262AE41C5D0}
		{4F4B45F3-D034-4F88-A797-CA01CF4D52D3} = {EFFF888B-557B-467F-B65D-F262AE41C5D0}
		{0BC5062C-E97A-4B43-BAD4-43CC9686F783} = {EFFF888B-557B-467F-B65D-F262AE41C5D0}
	EndGlobalSection
	GlobalSection(ExtensibilityGlobals) = postSolution
		SolutionGuid = {C3078C37-59C0-483D-92C8-B5492180D9AB}
	EndGlobalSection
EndGlobal
